
Microsoft Visual Studio Solution File, Format Version 11.00
# Visual Studio 2010
Project("{FAE04EC0-301F-11D3-BF4B-00C04F79EFBC}") = "VR-VFT", "Assembly-CSharp-firstpass.csproj", "{B0B31007-6CF0-B880-1190-9A95A2AF3A25}"
EndProject
Project("{FAE04EC0-301F-11D3-BF4B-00C04F79EFBC}") = "VR-VFT", "Assembly-CSharp.csproj", "{4E899BF6-3D12-11FC-9110-84DC73BB4A74}"
EndProject
Project("{FAE04EC0-301F-11D3-BF4B-00C04F79EFBC}") = "VR-VFT", "Assembly-CSharp-Editor.csproj", "{44DF9834-F8D3-EEBE-878B-E58071D73FEB}"
EndProject
Global
	GlobalSection(SolutionConfigurationPlatforms) = preSolution
		Debug|Any CPU = Debug|Any CPU
		Release|Any CPU = Release|Any CPU
	EndGlobalSection
	GlobalSection(ProjectConfigurationPlatforms) = postSolution
		{B0B31007-6CF0-B880-1190-9A95A2AF3A25}.Debug|Any CPU.ActiveCfg = Debug|Any CPU
		{B0B31007-6CF0-B880-1190-9A95A2AF3A25}.Debug|Any CPU.Build.0 = Debug|Any CPU
		{B0B31007-6CF0-B880-1190-9A95A2AF3A25}.Release|Any CPU.ActiveCfg = Release|Any CPU
		{B0B31007-6CF0-B880-1190-9A95A2AF3A25}.Release|Any CPU.Build.0 = Release|Any CPU
		{4E899BF6-3D12-11FC-9110-84DC73BB4A74}.Debug|Any CPU.ActiveCfg = Debug|Any CPU
		{4E899BF6-3D12-11FC-9110-84DC73BB4A74}.Debug|Any CPU.Build.0 = Debug|Any CPU
		{4E899BF6-3D12-11FC-9110-84DC73BB4A74}.Release|Any CPU.ActiveCfg = Release|Any CPU
		{4E899BF6-3D12-11FC-9110-84DC73BB4A74}.Release|Any CPU.Build.0 = Release|Any CPU
		{44DF9834-F8D3-EEBE-878B-E58071D73FEB}.Debug|Any CPU.ActiveCfg = Debug|Any CPU
		{44DF9834-F8D3-EEBE-878B-E58071D73FEB}.Debug|Any CPU.Build.0 = Debug|Any CPU
		{44DF9834-F8D3-EEBE-878B-E58071D73FEB}.Release|Any CPU.ActiveCfg = Release|Any CPU
		{44DF9834-F8D3-EEBE-878B-E58071D73FEB}.Release|Any CPU.Build.0 = Release|Any CPU
	EndGlobalSection
	GlobalSection(SolutionProperties) = preSolution
		HideSolutionNode = FALSE
	EndGlobalSection
	GlobalSection(MonoDevelopProperties) = preSolution
		StartupItem = Assembly-CSharp.csproj
	EndGlobalSection
EndGlobal
